
Microsoft Visual Studio Solution File, Format Version 12.00
# Visual Studio 15
VisualStudioVersion = 15.0.28307.779
MinimumVisualStudioVersion = 10.0.40219.1
Project("{9A19103F-16F7-4668-BE54-9A1E7A4F7556}") = "GitHubAccessor", "GitHubAccessor\GitHubAccessor.csproj", "{41D7E0EE-D0EB-43C4-AED9-E0543FE12138}"
EndProject
Project("{FAE04EC0-301F-11D3-BF4B-00C04F79EFBC}") = "GitHubTester", "GitHubTester\GitHubTester.csproj", "{00255E6A-D38F-4415-BCAA-427F648BF0DB}"
EndProject
Project("{2150E333-8FDC-42A3-9474-1A3956D46DE8}") = "General", "General", "{BE389AE7-4C69-4C06-B0A5-1548EECF3327}"
	ProjectSection(SolutionItems) = preProject
		clean.cmd = clean.cmd
		HISTORY.md = HISTORY.md
		README.md = README.md
		TODOs.md = TODOs.md
	EndProjectSection
EndProject
Project("{FAE04EC0-301F-11D3-BF4B-00C04F79EFBC}") = "GitHubViewer", "GitHubViewer\GitHubViewer.csproj", "{08BA6574-736A-4EEE-BA81-1E4AD385D1C1}"
EndProject
Global
	GlobalSection(SolutionConfigurationPlatforms) = preSolution
		Debug|Any CPU = Debug|Any CPU
		Release|Any CPU = Release|Any CPU
	EndGlobalSection
	GlobalSection(ProjectConfigurationPlatforms) = postSolution
		{41D7E0EE-D0EB-43C4-AED9-E0543FE12138}.Debug|Any CPU.ActiveCfg = Debug|Any CPU
		{41D7E0EE-D0EB-43C4-AED9-E0543FE12138}.Debug|Any CPU.Build.0 = Debug|Any CPU
		{41D7E0EE-D0EB-43C4-AED9-E0543FE12138}.Release|Any CPU.ActiveCfg = Release|Any CPU
		{41D7E0EE-D0EB-43C4-AED9-E0543FE12138}.Release|Any CPU.Build.0 = Release|Any CPU
		{00255E6A-D38F-4415-BCAA-427F648BF0DB}.Debug|Any CPU.ActiveCfg = Debug|Any CPU
		{00255E6A-D38F-4415-BCAA-427F648BF0DB}.Debug|Any CPU.Build.0 = Debug|Any CPU
		{00255E6A-D38F-4415-BCAA-427F648BF0DB}.Release|Any CPU.ActiveCfg = Release|Any CPU
		{00255E6A-D38F-4415-BCAA-427F648BF0DB}.Release|Any CPU.Build.0 = Release|Any CPU
		{08BA6574-736A-4EEE-BA81-1E4AD385D1C1}.Debug|Any CPU.ActiveCfg = Debug|Any CPU
		{08BA6574-736A-4EEE-BA81-1E4AD385D1C1}.Debug|Any CPU.Build.0 = Debug|Any CPU
		{08BA6574-736A-4EEE-BA81-1E4AD385D1C1}.Release|Any CPU.ActiveCfg = Release|Any CPU
		{08BA6574-736A-4EEE-BA81-1E4AD385D1C1}.Release|Any CPU.Build.0 = Release|Any CPU
	EndGlobalSection
	GlobalSection(SolutionProperties) = preSolution
		HideSolutionNode = FALSE
	EndGlobalSection
	GlobalSection(ExtensibilityGlobals) = postSolution
		SolutionGuid = {5AD89A99-D85F-4F85-95CF-EB444B407911}
	EndGlobalSection
EndGlobal
